
Microsoft Visual Studio Solution File, Format Version 12.00
# Visual Studio Version 17
VisualStudioVersion = 17.8.34330.188
MinimumVisualStudioVersion = 10.0.40219.1
Project("{9A19103F-16F7-4668-BE54-9A1E7A4F7556}") = "AzureAI-2", "..\AzureAI-2\AzureAI-2.csproj", "{38CF4639-5A6A-4D38-B449-1049C5D72980}"
EndProject
Global
	GlobalSection(SolutionConfigurationPlatforms) = preSolution
		Debug|Any CPU = Debug|Any CPU
		Release|Any CPU = Release|Any CPU
	EndGlobalSection
	GlobalSection(ProjectConfigurationPlatforms) = postSolution
		{38CF4639-5A6A-4D38-B449-1049C5D72980}.Debug|Any CPU.ActiveCfg = Debug|Any CPU
		{38CF4639-5A6A-4D38-B449-1049C5D72980}.Debug|Any CPU.Build.0 = Debug|Any CPU
		{38CF4639-5A6A-4D38-B449-1049C5D72980}.Release|Any CPU.ActiveCfg = Release|Any CPU
		{38CF4639-5A6A-4D38-B449-1049C5D72980}.Release|Any CPU.Build.0 = Release|Any CPU
	EndGlobalSection
	GlobalSection(SolutionProperties) = preSolution
		HideSolutionNode = FALSE
	EndGlobalSection
	GlobalSection(ExtensibilityGlobals) = postSolution
		SolutionGuid = {E35BC3A0-98B8-4CCA-8A7D-0322331C660D}
	EndGlobalSection
EndGlobal
