
Microsoft Visual Studio Solution File, Format Version 12.00
# Visual Studio Version 17
VisualStudioVersion = 17.10.35027.167
MinimumVisualStudioVersion = 10.0.40219.1
Project("{FAE04EC0-301F-11D3-BF4B-00C04F79EFBC}") = "ConsoleApp1", "ConsoleApp1\ConsoleApp1.csproj", "{2C625CAE-3CB2-45C7-A017-2FB59B340F70}"
EndProject
Project("{FAE04EC0-301F-11D3-BF4B-00C04F79EFBC}") = "Topic1Consumer", "Topic1Consumer\Topic1Consumer.csproj", "{2F832E3E-CA1E-4CBF-8AAF-D0BE31A34214}"
EndProject
Project("{FAE04EC0-301F-11D3-BF4B-00C04F79EFBC}") = "Topic1ConsumerFactory", "Topic1ConsumerFactory\Topic1ConsumerFactory.csproj", "{C748E64B-C200-4D08-A34E-CEAEC258F8D0}"
EndProject
Global
	GlobalSection(SolutionConfigurationPlatforms) = preSolution
		Debug|Any CPU = Debug|Any CPU
		Release|Any CPU = Release|Any CPU
	EndGlobalSection
	GlobalSection(ProjectConfigurationPlatforms) = postSolution
		{2C625CAE-3CB2-45C7-A017-2FB59B340F70}.Debug|Any CPU.ActiveCfg = Debug|Any CPU
		{2C625CAE-3CB2-45C7-A017-2FB59B340F70}.Debug|Any CPU.Build.0 = Debug|Any CPU
		{2C625CAE-3CB2-45C7-A017-2FB59B340F70}.Release|Any CPU.ActiveCfg = Release|Any CPU
		{2C625CAE-3CB2-45C7-A017-2FB59B340F70}.Release|Any CPU.Build.0 = Release|Any CPU
		{2F832E3E-CA1E-4CBF-8AAF-D0BE31A34214}.Debug|Any CPU.ActiveCfg = Debug|Any CPU
		{2F832E3E-CA1E-4CBF-8AAF-D0BE31A34214}.Debug|Any CPU.Build.0 = Debug|Any CPU
		{2F832E3E-CA1E-4CBF-8AAF-D0BE31A34214}.Release|Any CPU.ActiveCfg = Release|Any CPU
		{2F832E3E-CA1E-4CBF-8AAF-D0BE31A34214}.Release|Any CPU.Build.0 = Release|Any CPU
		{C748E64B-C200-4D08-A34E-CEAEC258F8D0}.Debug|Any CPU.ActiveCfg = Debug|Any CPU
		{C748E64B-C200-4D08-A34E-CEAEC258F8D0}.Debug|Any CPU.Build.0 = Debug|Any CPU
		{C748E64B-C200-4D08-A34E-CEAEC258F8D0}.Release|Any CPU.ActiveCfg = Release|Any CPU
		{C748E64B-C200-4D08-A34E-CEAEC258F8D0}.Release|Any CPU.Build.0 = Release|Any CPU
	EndGlobalSection
	GlobalSection(SolutionProperties) = preSolution
		HideSolutionNode = FALSE
	EndGlobalSection
	GlobalSection(ExtensibilityGlobals) = postSolution
		SolutionGuid = {E0E18549-39CF-448E-92B8-299D65568131}
	EndGlobalSection
EndGlobal
